// !$*UTF8*$!
{
	archiveVersion = 1;
	classes = {
	};
	objectVersion = 50;
	objects = {

/* Begin PBXBuildFile section */
		1293462C67BA0790BB5AB471 /* Pods_TumblrUITests.framework in Frameworks */ = {isa = PBXBuildFile; fileRef = 7C09E7289270696222D5D187 /* Pods_TumblrUITests.framework */; };
		3415B112213784BC0011EB98 /* AppDelegate.swift in Sources */ = {isa = PBXBuildFile; fileRef = 3415B111213784BC0011EB98 /* AppDelegate.swift */; };
		3415B117213784BC0011EB98 /* Main.storyboard in Resources */ = {isa = PBXBuildFile; fileRef = 3415B115213784BC0011EB98 /* Main.storyboard */; };
		3415B119213784BD0011EB98 /* Assets.xcassets in Resources */ = {isa = PBXBuildFile; fileRef = 3415B118213784BD0011EB98 /* Assets.xcassets */; };
		3415B11C213784BD0011EB98 /* LaunchScreen.storyboard in Resources */ = {isa = PBXBuildFile; fileRef = 3415B11A213784BD0011EB98 /* LaunchScreen.storyboard */; };
		3415B127213784BE0011EB98 /* TumblrTests.swift in Sources */ = {isa = PBXBuildFile; fileRef = 3415B126213784BE0011EB98 /* TumblrTests.swift */; };
		3415B132213784BE0011EB98 /* TumblrUITests.swift in Sources */ = {isa = PBXBuildFile; fileRef = 3415B131213784BE0011EB98 /* TumblrUITests.swift */; };
		3415B140213789210011EB98 /* PhotosViewController.swift in Sources */ = {isa = PBXBuildFile; fileRef = 3415B13F213789210011EB98 /* PhotosViewController.swift */; };
		3415B1422137936E0011EB98 /* TableViewCell.swift in Sources */ = {isa = PBXBuildFile; fileRef = 3415B1412137936E0011EB98 /* TableViewCell.swift */; };
		34FF9C5421462F7E008CAF6F /* DetailViewController.swift in Sources */ = {isa = PBXBuildFile; fileRef = 34FF9C5321462F7E008CAF6F /* DetailViewController.swift */; };
		ECE3C3698D314C30781E6CC2 /* Pods_Tumblr.framework in Frameworks */ = {isa = PBXBuildFile; fileRef = 4B0B737FAA2BB8A498451821 /* Pods_Tumblr.framework */; };
		FC11F8A75062FE84FFB2B012 /* Pods_TumblrTests.framework in Frameworks */ = {isa = PBXBuildFile; fileRef = 6E8B53A7B8FEED2413B19CFA /* Pods_TumblrTests.framework */; };
/* End PBXBuildFile section */

/* Begin PBXContainerItemProxy section */
		3415B123213784BE0011EB98 /* PBXContainerItemProxy */ = {
			isa = PBXContainerItemProxy;
			containerPortal = 3415B106213784BC0011EB98 /* Project object */;
			proxyType = 1;
			remoteGlobalIDString = 3415B10D213784BC0011EB98;
			remoteInfo = Tumblr;
		};
		3415B12E213784BE0011EB98 /* PBXContainerItemProxy */ = {
			isa = PBXContainerItemProxy;
			containerPortal = 3415B106213784BC0011EB98 /* Project object */;
			proxyType = 1;
			remoteGlobalIDString = 3415B10D213784BC0011EB98;
			remoteInfo = Tumblr;
		};
/* End PBXContainerItemProxy section */

/* Begin PBXFileReference section */
		18B41A5FAA35D6E57EF68136 /* Pods-TumblrUITests.release.xcconfig */ = {isa = PBXFileReference; includeInIndex = 1; lastKnownFileType = text.xcconfig; name = "Pods-TumblrUITests.release.xcconfig"; path = "Pods/Target Support Files/Pods-TumblrUITests/Pods-TumblrUITests.release.xcconfig"; sourceTree = "<group>"; };
		1B5BB157FCE2D9119E1BC3CF /* Pods-Tumblr.release.xcconfig */ = {isa = PBXFileReference; includeInIndex = 1; lastKnownFileType = text.xcconfig; name = "Pods-Tumblr.release.xcconfig"; path = "Pods/Target Support Files/Pods-Tumblr/Pods-Tumblr.release.xcconfig"; sourceTree = "<group>"; };
		3415B10E213784BC0011EB98 /* Tumblr.app */ = {isa = PBXFileReference; explicitFileType = wrapper.application; includeInIndex = 0; path = Tumblr.app; sourceTree = BUILT_PRODUCTS_DIR; };
		3415B111213784BC0011EB98 /* AppDelegate.swift */ = {isa = PBXFileReference; lastKnownFileType = sourcecode.swift; path = AppDelegate.swift; sourceTree = "<group>"; };
		3415B116213784BC0011EB98 /* Base */ = {isa = PBXFileReference; lastKnownFileType = file.storyboard; name = Base; path = Base.lproj/Main.storyboard; sourceTree = "<group>"; };
		3415B118213784BD0011EB98 /* Assets.xcassets */ = {isa = PBXFileReference; lastKnownFileType = folder.assetcatalog; path = Assets.xcassets; sourceTree = "<group>"; };
		3415B11B213784BD0011EB98 /* Base */ = {isa = PBXFileReference; lastKnownFileType = file.storyboard; name = Base; path = Base.lproj/LaunchScreen.storyboard; sourceTree = "<group>"; };
		3415B11D213784BD0011EB98 /* Info.plist */ = {isa = PBXFileReference; lastKnownFileType = text.plist.xml; path = Info.plist; sourceTree = "<group>"; };
		3415B122213784BE0011EB98 /* TumblrTests.xctest */ = {isa = PBXFileReference; explicitFileType = wrapper.cfbundle; includeInIndex = 0; path = TumblrTests.xctest; sourceTree = BUILT_PRODUCTS_DIR; };
		3415B126213784BE0011EB98 /* TumblrTests.swift */ = {isa = PBXFileReference; lastKnownFileType = sourcecode.swift; path = TumblrTests.swift; sourceTree = "<group>"; };
		3415B128213784BE0011EB98 /* Info.plist */ = {isa = PBXFileReference; lastKnownFileType = text.plist.xml; path = Info.plist; sourceTree = "<group>"; };
		3415B12D213784BE0011EB98 /* TumblrUITests.xctest */ = {isa = PBXFileReference; explicitFileType = wrapper.cfbundle; includeInIndex = 0; path = TumblrUITests.xctest; sourceTree = BUILT_PRODUCTS_DIR; };
		3415B131213784BE0011EB98 /* TumblrUITests.swift */ = {isa = PBXFileReference; lastKnownFileType = sourcecode.swift; path = TumblrUITests.swift; sourceTree = "<group>"; };
		3415B133213784BE0011EB98 /* Info.plist */ = {isa = PBXFileReference; lastKnownFileType = text.plist.xml; path = Info.plist; sourceTree = "<group>"; };
		3415B13F213789210011EB98 /* PhotosViewController.swift */ = {isa = PBXFileReference; lastKnownFileType = sourcecode.swift; path = PhotosViewController.swift; sourceTree = "<group>"; };
		3415B1412137936E0011EB98 /* TableViewCell.swift */ = {isa = PBXFileReference; lastKnownFileType = sourcecode.swift; path = TableViewCell.swift; sourceTree = "<group>"; };
		34FF9C5321462F7E008CAF6F /* DetailViewController.swift */ = {isa = PBXFileReference; lastKnownFileType = sourcecode.swift; path = DetailViewController.swift; sourceTree = "<group>"; };
		4B0B737FAA2BB8A498451821 /* Pods_Tumblr.framework */ = {isa = PBXFileReference; explicitFileType = wrapper.framework; includeInIndex = 0; path = Pods_Tumblr.framework; sourceTree = BUILT_PRODUCTS_DIR; };
		6E8B53A7B8FEED2413B19CFA /* Pods_TumblrTests.framework */ = {isa = PBXFileReference; explicitFileType = wrapper.framework; includeInIndex = 0; path = Pods_TumblrTests.framework; sourceTree = BUILT_PRODUCTS_DIR; };
		7C09E7289270696222D5D187 /* Pods_TumblrUITests.framework */ = {isa = PBXFileReference; explicitFileType = wrapper.framework; includeInIndex = 0; path = Pods_TumblrUITests.framework; sourceTree = BUILT_PRODUCTS_DIR; };
		AE97EACC6648C1223B4CD9BF /* Pods-TumblrUITests.debug.xcconfig */ = {isa = PBXFileReference; includeInIndex = 1; lastKnownFileType = text.xcconfig; name = "Pods-TumblrUITests.debug.xcconfig"; path = "Pods/Target Support Files/Pods-TumblrUITests/Pods-TumblrUITests.debug.xcconfig"; sourceTree = "<group>"; };
		C140666621BF3B462BDDE435 /* Pods-Tumblr.debug.xcconfig */ = {isa = PBXFileReference; includeInIndex = 1; lastKnownFileType = text.xcconfig; name = "Pods-Tumblr.debug.xcconfig"; path = "Pods/Target Support Files/Pods-Tumblr/Pods-Tumblr.debug.xcconfig"; sourceTree = "<group>"; };
		C21A098C64B2C9D78A6B8DDD /* Pods-TumblrTests.release.xcconfig */ = {isa = PBXFileReference; includeInIndex = 1; lastKnownFileType = text.xcconfig; name = "Pods-TumblrTests.release.xcconfig"; path = "Pods/Target Support Files/Pods-TumblrTests/Pods-TumblrTests.release.xcconfig"; sourceTree = "<group>"; };
		E0781EE945F2A18FAB94CBD0 /* Pods-TumblrTests.debug.xcconfig */ = {isa = PBXFileReference; includeInIndex = 1; lastKnownFileType = text.xcconfig; name = "Pods-TumblrTests.debug.xcconfig"; path = "Pods/Target Support Files/Pods-TumblrTests/Pods-TumblrTests.debug.xcconfig"; sourceTree = "<group>"; };
/* End PBXFileReference section */

/* Begin PBXFrameworksBuildPhase section */
		3415B10B213784BC0011EB98 /* Frameworks */ = {
			isa = PBXFrameworksBuildPhase;
			buildActionMask = 2147483647;
			files = (
				ECE3C3698D314C30781E6CC2 /* Pods_Tumblr.framework in Frameworks */,
			);
			runOnlyForDeploymentPostprocessing = 0;
		};
		3415B11F213784BE0011EB98 /* Frameworks */ = {
			isa = PBXFrameworksBuildPhase;
			buildActionMask = 2147483647;
			files = (
				FC11F8A75062FE84FFB2B012 /* Pods_TumblrTests.framework in Frameworks */,
			);
			runOnlyForDeploymentPostprocessing = 0;
		};
		3415B12A213784BE0011EB98 /* Frameworks */ = {
			isa = PBXFrameworksBuildPhase;
			buildActionMask = 2147483647;
			files = (
				1293462C67BA0790BB5AB471 /* Pods_TumblrUITests.framework in Frameworks */,
			);
			runOnlyForDeploymentPostprocessing = 0;
		};
/* End PBXFrameworksBuildPhase section */

/* Begin PBXGroup section */
		3415B105213784BC0011EB98 = {
			isa = PBXGroup;
			children = (
				3415B110213784BC0011EB98 /* Tumblr */,
				3415B125213784BE0011EB98 /* TumblrTests */,
				3415B130213784BE0011EB98 /* TumblrUITests */,
				3415B10F213784BC0011EB98 /* Products */,
				FB32391E49CABB5481274F30 /* Pods */,
				47ABD9AA8F00F8A6D21ECDEE /* Frameworks */,
			);
			sourceTree = "<group>";
		};
		3415B10F213784BC0011EB98 /* Products */ = {
			isa = PBXGroup;
			children = (
				3415B10E213784BC0011EB98 /* Tumblr.app */,
				3415B122213784BE0011EB98 /* TumblrTests.xctest */,
				3415B12D213784BE0011EB98 /* TumblrUITests.xctest */,
			);
			name = Products;
			sourceTree = "<group>";
		};
		3415B110213784BC0011EB98 /* Tumblr */ = {
			isa = PBXGroup;
			children = (
				3415B111213784BC0011EB98 /* AppDelegate.swift */,
				3415B13F213789210011EB98 /* PhotosViewController.swift */,
				3415B1412137936E0011EB98 /* TableViewCell.swift */,
				34FF9C5321462F7E008CAF6F /* DetailViewController.swift */,
				3415B115213784BC0011EB98 /* Main.storyboard */,
				3415B118213784BD0011EB98 /* Assets.xcassets */,
				3415B11A213784BD0011EB98 /* LaunchScreen.storyboard */,
				3415B11D213784BD0011EB98 /* Info.plist */,
			);
			path = Tumblr;
			sourceTree = "<group>";
		};
		3415B125213784BE0011EB98 /* TumblrTests */ = {
			isa = PBXGroup;
			children = (
				3415B126213784BE0011EB98 /* TumblrTests.swift */,
				3415B128213784BE0011EB98 /* Info.plist */,
			);
			path = TumblrTests;
			sourceTree = "<group>";
		};
		3415B130213784BE0011EB98 /* TumblrUITests */ = {
			isa = PBXGroup;
			children = (
				3415B131213784BE0011EB98 /* TumblrUITests.swift */,
				3415B133213784BE0011EB98 /* Info.plist */,
			);
			path = TumblrUITests;
			sourceTree = "<group>";
		};
		47ABD9AA8F00F8A6D21ECDEE /* Frameworks */ = {
			isa = PBXGroup;
			children = (
				4B0B737FAA2BB8A498451821 /* Pods_Tumblr.framework */,
				6E8B53A7B8FEED2413B19CFA /* Pods_TumblrTests.framework */,
				7C09E7289270696222D5D187 /* Pods_TumblrUITests.framework */,
			);
			name = Frameworks;
			sourceTree = "<group>";
		};
		FB32391E49CABB5481274F30 /* Pods */ = {
			isa = PBXGroup;
			children = (
				C140666621BF3B462BDDE435 /* Pods-Tumblr.debug.xcconfig */,
				1B5BB157FCE2D9119E1BC3CF /* Pods-Tumblr.release.xcconfig */,
				E0781EE945F2A18FAB94CBD0 /* Pods-TumblrTests.debug.xcconfig */,
				C21A098C64B2C9D78A6B8DDD /* Pods-TumblrTests.release.xcconfig */,
				AE97EACC6648C1223B4CD9BF /* Pods-TumblrUITests.debug.xcconfig */,
				18B41A5FAA35D6E57EF68136 /* Pods-TumblrUITests.release.xcconfig */,
			);
			name = Pods;
			sourceTree = "<group>";
		};
/* End PBXGroup section */

/* Begin PBXNativeTarget section */
		3415B10D213784BC0011EB98 /* Tumblr */ = {
			isa = PBXNativeTarget;
			buildConfigurationList = 3415B136213784BE0011EB98 /* Build configuration list for PBXNativeTarget "Tumblr" */;
			buildPhases = (
				404296942D33F9957C59077D /* [CP] Check Pods Manifest.lock */,
				3415B10A213784BC0011EB98 /* Sources */,
				3415B10B213784BC0011EB98 /* Frameworks */,
				3415B10C213784BC0011EB98 /* Resources */,
				43E17F97B8BAE7BE2A9F2EA0 /* [CP] Embed Pods Frameworks */,
			);
			buildRules = (
			);
			dependencies = (
			);
			name = Tumblr;
			productName = Tumblr;
			productReference = 3415B10E213784BC0011EB98 /* Tumblr.app */;
			productType = "com.apple.product-type.application";
		};
		3415B121213784BE0011EB98 /* TumblrTests */ = {
			isa = PBXNativeTarget;
			buildConfigurationList = 3415B139213784BE0011EB98 /* Build configuration list for PBXNativeTarget "TumblrTests" */;
			buildPhases = (
				ED71B814E0A8EB11B1A406FB /* [CP] Check Pods Manifest.lock */,
				3415B11E213784BE0011EB98 /* Sources */,
				3415B11F213784BE0011EB98 /* Frameworks */,
				3415B120213784BE0011EB98 /* Resources */,
			);
			buildRules = (
			);
			dependencies = (
				3415B124213784BE0011EB98 /* PBXTargetDependency */,
			);
			name = TumblrTests;
			productName = TumblrTests;
			productReference = 3415B122213784BE0011EB98 /* TumblrTests.xctest */;
			productType = "com.apple.product-type.bundle.unit-test";
		};
		3415B12C213784BE0011EB98 /* TumblrUITests */ = {
			isa = PBXNativeTarget;
			buildConfigurationList = 3415B13C213784BE0011EB98 /* Build configuration list for PBXNativeTarget "TumblrUITests" */;
			buildPhases = (
				96FEC09A985F846B2337A0E6 /* [CP] Check Pods Manifest.lock */,
				3415B129213784BE0011EB98 /* Sources */,
				3415B12A213784BE0011EB98 /* Frameworks */,
				3415B12B213784BE0011EB98 /* Resources */,
			);
			buildRules = (
			);
			dependencies = (
				3415B12F213784BE0011EB98 /* PBXTargetDependency */,
			);
			name = TumblrUITests;
			productName = TumblrUITests;
			productReference = 3415B12D213784BE0011EB98 /* TumblrUITests.xctest */;
			productType = "com.apple.product-type.bundle.ui-testing";
		};
/* End PBXNativeTarget section */

/* Begin PBXProject section */
		3415B106213784BC0011EB98 /* Project object */ = {
			isa = PBXProject;
			attributes = {
				LastSwiftUpdateCheck = 0940;
				LastUpgradeCheck = 0940;
				ORGANIZATIONNAME = "Pat Khai";
				TargetAttributes = {
					3415B10D213784BC0011EB98 = {
						CreatedOnToolsVersion = 9.4.1;
					};
					3415B121213784BE0011EB98 = {
						CreatedOnToolsVersion = 9.4.1;
						TestTargetID = 3415B10D213784BC0011EB98;
					};
					3415B12C213784BE0011EB98 = {
						CreatedOnToolsVersion = 9.4.1;
						TestTargetID = 3415B10D213784BC0011EB98;
					};
				};
			};
			buildConfigurationList = 3415B109213784BC0011EB98 /* Build configuration list for PBXProject "Tumblr" */;
			compatibilityVersion = "Xcode 9.3";
			developmentRegion = en;
			hasScannedForEncodings = 0;
			knownRegions = (
				en,
				Base,
			);
			mainGroup = 3415B105213784BC0011EB98;
			productRefGroup = 3415B10F213784BC0011EB98 /* Products */;
			projectDirPath = "";
			projectRoot = "";
			targets = (
				3415B10D213784BC0011EB98 /* Tumblr */,
				3415B121213784BE0011EB98 /* TumblrTests */,
				3415B12C213784BE0011EB98 /* TumblrUITests */,
			);
		};
/* End PBXProject section */

/* Begin PBXResourcesBuildPhase section */
		3415B10C213784BC0011EB98 /* Resources */ = {
			isa = PBXResourcesBuildPhase;
			buildActionMask = 2147483647;
			files = (
				3415B11C213784BD0011EB98 /* LaunchScreen.storyboard in Resources */,
				3415B119213784BD0011EB98 /* Assets.xcassets in Resources */,
				3415B117213784BC0011EB98 /* Main.storyboard in Resources */,
			);
			runOnlyForDeploymentPostprocessing = 0;
		};
		3415B120213784BE0011EB98 /* Resources */ = {
			isa = PBXResourcesBuildPhase;
			buildActionMask = 2147483647;
			files = (
			);
			runOnlyForDeploymentPostprocessing = 0;
		};
		3415B12B213784BE0011EB98 /* Resources */ = {
			isa = PBXResourcesBuildPhase;
			buildActionMask = 2147483647;
			files = (
			);
			runOnlyForDeploymentPostprocessing = 0;
		};
/* End PBXResourcesBuildPhase section */

/* Begin PBXShellScriptBuildPhase section */
		404296942D33F9957C59077D /* [CP] Check Pods Manifest.lock */ = {
			isa = PBXShellScriptBuildPhase;
			buildActionMask = 2147483647;
			files = (
			);
			inputPaths = (
				"${PODS_PODFILE_DIR_PATH}/Podfile.lock",
				"${PODS_ROOT}/Manifest.lock",
			);
			name = "[CP] Check Pods Manifest.lock";
			outputPaths = (
				"$(DERIVED_FILE_DIR)/Pods-Tumblr-checkManifestLockResult.txt",
			);
			runOnlyForDeploymentPostprocessing = 0;
			shellPath = /bin/sh;
			shellScript = "diff \"${PODS_PODFILE_DIR_PATH}/Podfile.lock\" \"${PODS_ROOT}/Manifest.lock\" > /dev/null\nif [ $? != 0 ] ; then\n    # print error to STDERR\n    echo \"error: The sandbox is not in sync with the Podfile.lock. Run 'pod install' or update your CocoaPods installation.\" >&2\n    exit 1\nfi\n# This output is used by Xcode 'outputs' to avoid re-running this script phase.\necho \"SUCCESS\" > \"${SCRIPT_OUTPUT_FILE_0}\"\n";
			showEnvVarsInLog = 0;
		};
		43E17F97B8BAE7BE2A9F2EA0 /* [CP] Embed Pods Frameworks */ = {
			isa = PBXShellScriptBuildPhase;
			buildActionMask = 2147483647;
			files = (
			);
			inputPaths = (
				"${SRCROOT}/Pods/Target Support Files/Pods-Tumblr/Pods-Tumblr-frameworks.sh",
				"${BUILT_PRODUCTS_DIR}/Alamofire/Alamofire.framework",
				"${BUILT_PRODUCTS_DIR}/AlamofireImage/AlamofireImage.framework",
				"${BUILT_PRODUCTS_DIR}/PKHUD/PKHUD.framework",
			);
			name = "[CP] Embed Pods Frameworks";
			outputPaths = (
				"${TARGET_BUILD_DIR}/${FRAMEWORKS_FOLDER_PATH}/Alamofire.framework",
				"${TARGET_BUILD_DIR}/${FRAMEWORKS_FOLDER_PATH}/AlamofireImage.framework",
				"${TARGET_BUILD_DIR}/${FRAMEWORKS_FOLDER_PATH}/PKHUD.framework",
			);
			runOnlyForDeploymentPostprocessing = 0;
			shellPath = /bin/sh;
			shellScript = "\"${SRCROOT}/Pods/Target Support Files/Pods-Tumblr/Pods-Tumblr-frameworks.sh\"\n";
			showEnvVarsInLog = 0;
		};
		96FEC09A985F846B2337A0E6 /* [CP] Check Pods Manifest.lock */ = {
			isa = PBXShellScriptBuildPhase;
			buildActionMask = 2147483647;
			files = (
			);
			inputPaths = (
				"${PODS_PODFILE_DIR_PATH}/Podfile.lock",
				"${PODS_ROOT}/Manifest.lock",
			);
			name = "[CP] Check Pods Manifest.lock";
			outputPaths = (
				"$(DERIVED_FILE_DIR)/Pods-TumblrUITests-checkManifestLockResult.txt",
			);
			runOnlyForDeploymentPostprocessing = 0;
			shellPath = /bin/sh;
			shellScript = "diff \"${PODS_PODFILE_DIR_PATH}/Podfile.lock\" \"${PODS_ROOT}/Manifest.lock\" > /dev/null\nif [ $? != 0 ] ; then\n    # print error to STDERR\n    echo \"error: The sandbox is not in sync with the Podfile.lock. Run 'pod install' or update your CocoaPods installation.\" >&2\n    exit 1\nfi\n# This output is used by Xcode 'outputs' to avoid re-running this script phase.\necho \"SUCCESS\" > \"${SCRIPT_OUTPUT_FILE_0}\"\n";
			showEnvVarsInLog = 0;
		};
		ED71B814E0A8EB11B1A406FB /* [CP] Check Pods Manifest.lock */ = {
			isa = PBXShellScriptBuildPhase;
			buildActionMask = 2147483647;
			files = (
			);
			inputPaths = (
				"${PODS_PODFILE_DIR_PATH}/Podfile.lock",
				"${PODS_ROOT}/Manifest.lock",
			);
			name = "[CP] Check Pods Manifest.lock";
			outputPaths = (
				"$(DERIVED_FILE_DIR)/Pods-TumblrTests-checkManifestLockResult.txt",
			);
			runOnlyForDeploymentPostprocessing = 0;
			shellPath = /bin/sh;
			shellScript = "diff \"${PODS_PODFILE_DIR_PATH}/Podfile.lock\" \"${PODS_ROOT}/Manifest.lock\" > /dev/null\nif [ $? != 0 ] ; then\n    # print error to STDERR\n    echo \"error: The sandbox is not in sync with the Podfile.lock. Run 'pod install' or update your CocoaPods installation.\" >&2\n    exit 1\nfi\n# This output is used by Xcode 'outputs' to avoid re-running this script phase.\necho \"SUCCESS\" > \"${SCRIPT_OUTPUT_FILE_0}\"\n";
			showEnvVarsInLog = 0;
		};
/* End PBXShellScriptBuildPhase section */

/* Begin PBXSourcesBuildPhase section */
		3415B10A213784BC0011EB98 /* Sources */ = {
			isa = PBXSourcesBuildPhase;
			buildActionMask = 2147483647;
			files = (
				3415B1422137936E0011EB98 /* TableViewCell.swift in Sources */,
				3415B112213784BC0011EB98 /* AppDelegate.swift in Sources */,
				3415B140213789210011EB98 /* PhotosViewController.swift in Sources */,
				34FF9C5421462F7E008CAF6F /* DetailViewController.swift in Sources */,
			);
			runOnlyForDeploymentPostprocessing = 0;
		};
		3415B11E213784BE0011EB98 /* Sources */ = {
			isa = PBXSourcesBuildPhase;
			buildActionMask = 2147483647;
			files = (
				3415B127213784BE0011EB98 /* TumblrTests.swift in Sources */,
			);
			runOnlyForDeploymentPostprocessing = 0;
		};
		3415B129213784BE0011EB98 /* Sources */ = {
			isa = PBXSourcesBuildPhase;
			buildActionMask = 2147483647;
			files = (
				3415B132213784BE0011EB98 /* TumblrUITests.swift in Sources */,
			);
			runOnlyForDeploymentPostprocessing = 0;
		};
/* End PBXSourcesBuildPhase section */

/* Begin PBXTargetDependency section */
		3415B124213784BE0011EB98 /* PBXTargetDependency */ = {
			isa = PBXTargetDependency;
			target = 3415B10D213784BC0011EB98 /* Tumblr */;
			targetProxy = 3415B123213784BE0011EB98 /* PBXContainerItemProxy */;
		};
		3415B12F213784BE0011EB98 /* PBXTargetDependency */ = {
			isa = PBXTargetDependency;
			target = 3415B10D213784BC0011EB98 /* Tumblr */;
			targetProxy = 3415B12E213784BE0011EB98 /* PBXContainerItemProxy */;
		};
/* End PBXTargetDependency section */

/* Begin PBXVariantGroup section */
		3415B115213784BC0011EB98 /* Main.storyboard */ = {
			isa = PBXVariantGroup;
			children = (
				3415B116213784BC0011EB98 /* Base */,
			);
			name = Main.storyboard;
			sourceTree = "<group>";
		};
		3415B11A213784BD0011EB98 /* LaunchScreen.storyboard */ = {
			isa = PBXVariantGroup;
			children = (
				3415B11B213784BD0011EB98 /* Base */,
			);
			name = LaunchScreen.storyboard;
			sourceTree = "<group>";
		};
/* End PBXVariantGroup section */

/* Begin XCBuildConfiguration section */
		3415B134213784BE0011EB98 /* Debug */ = {
			isa = XCBuildConfiguration;
			buildSettings = {
				ALWAYS_SEARCH_USER_PATHS = NO;
				CLANG_ANALYZER_NONNULL = YES;
				CLANG_ANALYZER_NUMBER_OBJECT_CONVERSION = YES_AGGRESSIVE;
				CLANG_CXX_LANGUAGE_STANDARD = "gnu++14";
				CLANG_CXX_LIBRARY = "libc++";
				CLANG_ENABLE_MODULES = YES;
				CLANG_ENABLE_OBJC_ARC = YES;
				CLANG_ENABLE_OBJC_WEAK = YES;
				CLANG_WARN_BLOCK_CAPTURE_AUTORELEASING = YES;
				CLANG_WARN_BOOL_CONVERSION = YES;
				CLANG_WARN_COMMA = YES;
				CLANG_WARN_CONSTANT_CONVERSION = YES;
				CLANG_WARN_DEPRECATED_OBJC_IMPLEMENTATIONS = YES;
				CLANG_WARN_DIRECT_OBJC_ISA_USAGE = YES_ERROR;
				CLANG_WARN_DOCUMENTATION_COMMENTS = YES;
				CLANG_WARN_EMPTY_BODY = YES;
				CLANG_WARN_ENUM_CONVERSION = YES;
				CLANG_WARN_INFINITE_RECURSION = YES;
				CLANG_WARN_INT_CONVERSION = YES;
				CLANG_WARN_NON_LITERAL_NULL_CONVERSION = YES;
				CLANG_WARN_OBJC_IMPLICIT_RETAIN_SELF = YES;
				CLANG_WARN_OBJC_LITERAL_CONVERSION = YES;
				CLANG_WARN_OBJC_ROOT_CLASS = YES_ERROR;
				CLANG_WARN_RANGE_LOOP_ANALYSIS = YES;
				CLANG_WARN_STRICT_PROTOTYPES = YES;
				CLANG_WARN_SUSPICIOUS_MOVE = YES;
				CLANG_WARN_UNGUARDED_AVAILABILITY = YES_AGGRESSIVE;
				CLANG_WARN_UNREACHABLE_CODE = YES;
				CLANG_WARN__DUPLICATE_METHOD_MATCH = YES;
				CODE_SIGN_IDENTITY = "iPhone Developer";
				COPY_PHASE_STRIP = NO;
				DEBUG_INFORMATION_FORMAT = dwarf;
				ENABLE_STRICT_OBJC_MSGSEND = YES;
				ENABLE_TESTABILITY = YES;
				GCC_C_LANGUAGE_STANDARD = gnu11;
				GCC_DYNAMIC_NO_PIC = NO;
				GCC_NO_COMMON_BLOCKS = YES;
				GCC_OPTIMIZATION_LEVEL = 0;
				GCC_PREPROCESSOR_DEFINITIONS = (
					"DEBUG=1",
					"$(inherited)",
				);
				GCC_WARN_64_TO_32_BIT_CONVERSION = YES;
				GCC_WARN_ABOUT_RETURN_TYPE = YES_ERROR;
				GCC_WARN_UNDECLARED_SELECTOR = YES;
				GCC_WARN_UNINITIALIZED_AUTOS = YES_AGGRESSIVE;
				GCC_WARN_UNUSED_FUNCTION = YES;
				GCC_WARN_UNUSED_VARIABLE = YES;
				IPHONEOS_DEPLOYMENT_TARGET = 11.4;
				MTL_ENABLE_DEBUG_INFO = YES;
				ONLY_ACTIVE_ARCH = YES;
				SDKROOT = iphoneos;
				SWIFT_ACTIVE_COMPILATION_CONDITIONS = DEBUG;
				SWIFT_OPTIMIZATION_LEVEL = "-Onone";
			};
			name = Debug;
		};
		3415B135213784BE0011EB98 /* Release */ = {
			isa = XCBuildConfiguration;
			buildSettings = {
				ALWAYS_SEARCH_USER_PATHS = NO;
				CLANG_ANALYZER_NONNULL = YES;
				CLANG_ANALYZER_NUMBER_OBJECT_CONVERSION = YES_AGGRESSIVE;
				CLANG_CXX_LANGUAGE_STANDARD = "gnu++14";
				CLANG_CXX_LIBRARY = "libc++";
				CLANG_ENABLE_MODULES = YES;
				CLANG_ENABLE_OBJC_ARC = YES;
				CLANG_ENABLE_OBJC_WEAK = YES;
				CLANG_WARN_BLOCK_CAPTURE_AUTORELEASING = YES;
				CLANG_WARN_BOOL_CONVERSION = YES;
				CLANG_WARN_COMMA = YES;
				CLANG_WARN_CONSTANT_CONVERSION = YES;
				CLANG_WARN_DEPRECATED_OBJC_IMPLEMENTATIONS = YES;
				CLANG_WARN_DIRECT_OBJC_ISA_USAGE = YES_ERROR;
				CLANG_WARN_DOCUMENTATION_COMMENTS = YES;
				CLANG_WARN_EMPTY_BODY = YES;
				CLANG_WARN_ENUM_CONVERSION = YES;
				CLANG_WARN_INFINITE_RECURSION = YES;
				CLANG_WARN_INT_CONVERSION = YES;
				CLANG_WARN_NON_LITERAL_NULL_CONVERSION = YES;
				CLANG_WARN_OBJC_IMPLICIT_RETAIN_SELF = YES;
				CLANG_WARN_OBJC_LITERAL_CONVERSION = YES;
				CLANG_WARN_OBJC_ROOT_CLASS = YES_ERROR;
				CLANG_WARN_RANGE_LOOP_ANALYSIS = YES;
				CLANG_WARN_STRICT_PROTOTYPES = YES;
				CLANG_WARN_SUSPICIOUS_MOVE = YES;
				CLANG_WARN_UNGUARDED_AVAILABILITY = YES_AGGRESSIVE;
				CLANG_WARN_UNREACHABLE_CODE = YES;
				CLANG_WARN__DUPLICATE_METHOD_MATCH = YES;
				CODE_SIGN_IDENTITY = "iPhone Developer";
				COPY_PHASE_STRIP = NO;
				DEBUG_INFORMATION_FORMAT = "dwarf-with-dsym";
				ENABLE_NS_ASSERTIONS = NO;
				ENABLE_STRICT_OBJC_MSGSEND = YES;
				GCC_C_LANGUAGE_STANDARD = gnu11;
				GCC_NO_COMMON_BLOCKS = YES;
				GCC_WARN_64_TO_32_BIT_CONVERSION = YES;
				GCC_WARN_ABOUT_RETURN_TYPE = YES_ERROR;
				GCC_WARN_UNDECLARED_SELECTOR = YES;
				GCC_WARN_UNINITIALIZED_AUTOS = YES_AGGRESSIVE;
				GCC_WARN_UNUSED_FUNCTION = YES;
				GCC_WARN_UNUSED_VARIABLE = YES;
				IPHONEOS_DEPLOYMENT_TARGET = 11.4;
				MTL_ENABLE_DEBUG_INFO = NO;
				SDKROOT = iphoneos;
				SWIFT_COMPILATION_MODE = wholemodule;
				SWIFT_OPTIMIZATION_LEVEL = "-O";
				VALIDATE_PRODUCT = YES;
			};
			name = Release;
		};
		3415B137213784BE0011EB98 /* Debug */ = {
			isa = XCBuildConfiguration;
			baseConfigurationReference = C140666621BF3B462BDDE435 /* Pods-Tumblr.debug.xcconfig */;
			buildSettings = {
				ASSETCATALOG_COMPILER_APPICON_NAME = AppIcon;
				CODE_SIGN_STYLE = Automatic;
				DEVELOPMENT_TEAM = CK4V98BSP8;
				INFOPLIST_FILE = Tumblr/Info.plist;
				LD_RUNPATH_SEARCH_PATHS = (
					"$(inherited)",
					"@executable_path/Frameworks",
				);
				PRODUCT_BUNDLE_IDENTIFIER = patkhai.Tumblr;
				PRODUCT_NAME = "$(TARGET_NAME)";
				SWIFT_VERSION = 4.0;
				TARGETED_DEVICE_FAMILY = "1,2";
			};
			name = Debug;
		};
		3415B138213784BE0011EB98 /* Release */ = {
			isa = XCBuildConfiguration;
			baseConfigurationReference = 1B5BB157FCE2D9119E1BC3CF /* Pods-Tumblr.release.xcconfig */;
			buildSettings = {
				ASSETCATALOG_COMPILER_APPICON_NAME = AppIcon;
				CODE_SIGN_STYLE = Automatic;
				DEVELOPMENT_TEAM = CK4V98BSP8;
				INFOPLIST_FILE = Tumblr/Info.plist;
				LD_RUNPATH_SEARCH_PATHS = (
					"$(inherited)",
					"@executable_path/Frameworks",
				);
				PRODUCT_BUNDLE_IDENTIFIER = patkhai.Tumblr;
				PRODUCT_NAME = "$(TARGET_NAME)";
				SWIFT_VERSION = 4.0;
				TARGETED_DEVICE_FAMILY = "1,2";
			};
			name = Release;
		};
		3415B13A213784BE0011EB98 /* Debug */ = {
			isa = XCBuildConfiguration;
			baseConfigurationReference = E0781EE945F2A18FAB94CBD0 /* Pods-TumblrTests.debug.xcconfig */;
			buildSettings = {
				ALWAYS_EMBED_SWIFT_STANDARD_LIBRARIES = YES;
				BUNDLE_LOADER = "$(TEST_HOST)";
				CODE_SIGN_STYLE = Automatic;
				DEVELOPMENT_TEAM = CK4V98BSP8;
				INFOPLIST_FILE = TumblrTests/Info.plist;
				LD_RUNPATH_SEARCH_PATHS = (
					"$(inherited)",
					"@executable_path/Frameworks",
					"@loader_path/Frameworks",
				);
				PRODUCT_BUNDLE_IDENTIFIER = patkhai.TumblrTests;
				PRODUCT_NAME = "$(TARGET_NAME)";
				SWIFT_VERSION = 4.0;
				TARGETED_DEVICE_FAMILY = "1,2";
				TEST_HOST = "$(BUILT_PRODUCTS_DIR)/Tumblr.app/Tumblr";
			};
			name = Debug;
		};
		3415B13B213784BE0011EB98 /* Release */ = {
			isa = XCBuildConfiguration;
			baseConfigurationReference = C21A098C64B2C9D78A6B8DDD /* Pods-TumblrTests.release.xcconfig */;
			buildSettings = {
				ALWAYS_EMBED_SWIFT_STANDARD_LIBRARIES = YES;
				BUNDLE_LOADER = "$(TEST_HOST)";
				CODE_SIGN_STYLE = Automatic;
				DEVELOPMENT_TEAM = CK4V98BSP8;
				INFOPLIST_FILE = TumblrTests/Info.plist;
				LD_RUNPATH_SEARCH_PATHS = (
					"$(inherited)",
					"@executable_path/Frameworks",
					"@loader_path/Frameworks",
				);
				PRODUCT_BUNDLE_IDENTIFIER = patkhai.TumblrTests;
				PRODUCT_NAME = "$(TARGET_NAME)";
				SWIFT_VERSION = 4.0;
				TARGETED_DEVICE_FAMILY = "1,2";
				TEST_HOST = "$(BUILT_PRODUCTS_DIR)/Tumblr.app/Tumblr";
			};
			name = Release;
		};
		3415B13D213784BE0011EB98 /* Debug */ = {
			isa = XCBuildConfiguration;
			baseConfigurationReference = AE97EACC6648C1223B4CD9BF /* Pods-TumblrUITests.debug.xcconfig */;
			buildSettings = {
				ALWAYS_EMBED_SWIFT_STANDARD_LIBRARIES = YES;
				CODE_SIGN_STYLE = Automatic;
				DEVELOPMENT_TEAM = CK4V98BSP8;
				INFOPLIST_FILE = TumblrUITests/Info.plist;
				LD_RUNPATH_SEARCH_PATHS = (
					"$(inherited)",
					"@executable_path/Frameworks",
					"@loader_path/Frameworks",
				);
				PRODUCT_BUNDLE_IDENTIFIER = patkhai.TumblrUITests;
				PRODUCT_NAME = "$(TARGET_NAME)";
				SWIFT_VERSION = 4.0;
				TARGETED_DEVICE_FAMILY = "1,2";
				TEST_TARGET_NAME = Tumblr;
			};
			name = Debug;
		};
		3415B13E213784BE0011EB98 /* Release */ = {
			isa = XCBuildConfiguration;
			baseConfigurationReference = 18B41A5FAA35D6E57EF68136 /* Pods-TumblrUITests.release.xcconfig */;
			buildSettings = {
				ALWAYS_EMBED_SWIFT_STANDARD_LIBRARIES = YES;
				CODE_SIGN_STYLE = Automatic;
				DEVELOPMENT_TEAM = CK4V98BSP8;
				INFOPLIST_FILE = TumblrUITests/Info.plist;
				LD_RUNPATH_SEARCH_PATHS = (
					"$(inherited)",
					"@executable_path/Frameworks",
					"@loader_path/Frameworks",
				);
				PRODUCT_BUNDLE_IDENTIFIER = patkhai.TumblrUITests;
				PRODUCT_NAME = "$(TARGET_NAME)";
				SWIFT_VERSION = 4.0;
				TARGETED_DEVICE_FAMILY = "1,2";
				TEST_TARGET_NAME = Tumblr;
			};
			name = Release;
		};
/* End XCBuildConfiguration section */

/* Begin XCConfigurationList section */
		3415B109213784BC0011EB98 /* Build configuration list for PBXProject "Tumblr" */ = {
			isa = XCConfigurationList;
			buildConfigurations = (
				3415B134213784BE0011EB98 /* Debug */,
				3415B135213784BE0011EB98 /* Release */,
			);
			defaultConfigurationIsVisible = 0;
			defaultConfigurationName = Release;
		};
		3415B136213784BE0011EB98 /* Build configuration list for PBXNativeTarget "Tumblr" */ = {
			isa = XCConfigurationList;
			buildConfigurations = (
				3415B137213784BE0011EB98 /* Debug */,
				3415B138213784BE0011EB98 /* Release */,
			);
			defaultConfigurationIsVisible = 0;
			defaultConfigurationName = Release;
		};
		3415B139213784BE0011EB98 /* Build configuration list for PBXNativeTarget "TumblrTests" */ = {
			isa = XCConfigurationList;
			buildConfigurations = (
				3415B13A213784BE0011EB98 /* Debug */,
				3415B13B213784BE0011EB98 /* Release */,
			);
			defaultConfigurationIsVisible = 0;
			defaultConfigurationName = Release;
		};
		3415B13C213784BE0011EB98 /* Build configuration list for PBXNativeTarget "TumblrUITests" */ = {
			isa = XCConfigurationList;
			buildConfigurations = (
				3415B13D213784BE0011EB98 /* Debug */,
				3415B13E213784BE0011EB98 /* Release */,
			);
			defaultConfigurationIsVisible = 0;
			defaultConfigurationName = Release;
		};
/* End XCConfigurationList section */
	};
	rootObject = 3415B106213784BC0011EB98 /* Project object */;
}
